
Microsoft Visual Studio Solution File, Format Version 12.00
# Visual Studio 15
VisualStudioVersion = 15.0.28010.2036
MinimumVisualStudioVersion = 10.0.40219.1
Project("{FAE04EC0-301F-11D3-BF4B-00C04F79EFBC}") = "NeuralNet", "NeuralNetTest\NeuralNet.csproj", "{5F100B5E-C86E-48E8-B27B-06B5878FF50B}"
EndProject
Project("{FAE04EC0-301F-11D3-BF4B-00C04F79EFBC}") = "NeuralNetTestTests", "NeuralNetTestTests\NeuralNetTestTests.csproj", "{DD99B122-3480-492A-B634-111B30647FAE}"
EndProject
Global
	GlobalSection(SolutionConfigurationPlatforms) = preSolution
		Debug|Any CPU = Debug|Any CPU
		Release|Any CPU = Release|Any CPU
	EndGlobalSection
	GlobalSection(ProjectConfigurationPlatforms) = postSolution
		{5F100B5E-C86E-48E8-B27B-06B5878FF50B}.Debug|Any CPU.ActiveCfg = Debug|Any CPU
		{5F100B5E-C86E-48E8-B27B-06B5878FF50B}.Debug|Any CPU.Build.0 = Debug|Any CPU
		{5F100B5E-C86E-48E8-B27B-06B5878FF50B}.Release|Any CPU.ActiveCfg = Release|Any CPU
		{5F100B5E-C86E-48E8-B27B-06B5878FF50B}.Release|Any CPU.Build.0 = Release|Any CPU
		{DD99B122-3480-492A-B634-111B30647FAE}.Debug|Any CPU.ActiveCfg = Debug|Any CPU
		{DD99B122-3480-492A-B634-111B30647FAE}.Debug|Any CPU.Build.0 = Debug|Any CPU
		{DD99B122-3480-492A-B634-111B30647FAE}.Release|Any CPU.ActiveCfg = Release|Any CPU
		{DD99B122-3480-492A-B634-111B30647FAE}.Release|Any CPU.Build.0 = Release|Any CPU
	EndGlobalSection
	GlobalSection(SolutionProperties) = preSolution
		HideSolutionNode = FALSE
	EndGlobalSection
	GlobalSection(ExtensibilityGlobals) = postSolution
		SolutionGuid = {7C6E1F1A-02B7-4E5B-A12B-3C4E58361B5D}
	EndGlobalSection
EndGlobal
